
Microsoft Visual Studio Solution File, Format Version 12.00
# Visual Studio 15
VisualStudioVersion = 15.0.27428.2005
MinimumVisualStudioVersion = 10.0.40219.1
Project("{FAE04EC0-301F-11D3-BF4B-00C04F79EFBC}") = "App4.Android", "App4\App4.Android\App4.Android.csproj", "{A18097E1-4A68-4FF4-8909-96FD2A0EE5E4}"
EndProject
Project("{FAE04EC0-301F-11D3-BF4B-00C04F79EFBC}") = "App4.iOS", "App4\App4.iOS\App4.iOS.csproj", "{4469696C-4E41-4B41-95AA-822BB431F61A}"
EndProject
Project("{FAE04EC0-301F-11D3-BF4B-00C04F79EFBC}") = "App4", "App4\App4\App4.csproj", "{5714C7FC-C5C6-42BB-8A8D-A7DC61CF730E}"
EndProject
Global
	GlobalSection(SolutionConfigurationPlatforms) = preSolution
		Ad-Hoc|Any CPU = Ad-Hoc|Any CPU
		Ad-Hoc|iPhone = Ad-Hoc|iPhone
		Ad-Hoc|iPhoneSimulator = Ad-Hoc|iPhoneSimulator
		AppStore|Any CPU = AppStore|Any CPU
		AppStore|iPhone = AppStore|iPhone
		AppStore|iPhoneSimulator = AppStore|iPhoneSimulator
		Debug|Any CPU = Debug|Any CPU
		Debug|iPhone = Debug|iPhone
		Debug|iPhoneSimulator = Debug|iPhoneSimulator
		Release|Any CPU = Release|Any CPU
		Release|iPhone = Release|iPhone
		Release|iPhoneSimulator = Release|iPhoneSimulator
	EndGlobalSection
	GlobalSection(ProjectConfigurationPlatforms) = postSolution
		{A18097E1-4A68-4FF4-8909-96FD2A0EE5E4}.Ad-Hoc|Any CPU.ActiveCfg = Release|Any CPU
		{A18097E1-4A68-4FF4-8909-96FD2A0EE5E4}.Ad-Hoc|Any CPU.Build.0 = Release|Any CPU
		{A18097E1-4A68-4FF4-8909-96FD2A0EE5E4}.Ad-Hoc|Any CPU.Deploy.0 = Release|Any CPU
		{A18097E1-4A68-4FF4-8909-96FD2A0EE5E4}.Ad-Hoc|iPhone.ActiveCfg = Release|Any CPU
		{A18097E1-4A68-4FF4-8909-96FD2A0EE5E4}.Ad-Hoc|iPhone.Build.0 = Release|Any CPU
		{A18097E1-4A68-4FF4-8909-96FD2A0EE5E4}.Ad-Hoc|iPhone.Deploy.0 = Release|Any CPU
		{A18097E1-4A68-4FF4-8909-96FD2A0EE5E4}.Ad-Hoc|iPhoneSimulator.ActiveCfg = Release|Any CPU
		{A18097E1-4A68-4FF4-8909-96FD2A0EE5E4}.Ad-Hoc|iPhoneSimulator.Build.0 = Release|Any CPU
		{A18097E1-4A68-4FF4-8909-96FD2A0EE5E4}.Ad-Hoc|iPhoneSimulator.Deploy.0 = Release|Any CPU
		{A18097E1-4A68-4FF4-8909-96FD2A0EE5E4}.AppStore|Any CPU.ActiveCfg = Release|Any CPU
		{A18097E1-4A68-4FF4-8909-96FD2A0EE5E4}.AppStore|Any CPU.Build.0 = Release|Any CPU
		{A18097E1-4A68-4FF4-8909-96FD2A0EE5E4}.AppStore|Any CPU.Deploy.0 = Release|Any CPU
		{A18097E1-4A68-4FF4-8909-96FD2A0EE5E4}.AppStore|iPhone.ActiveCfg = Release|Any CPU
		{A18097E1-4A68-4FF4-8909-96FD2A0EE5E4}.AppStore|iPhone.Build.0 = Release|Any CPU
		{A18097E1-4A68-4FF4-8909-96FD2A0EE5E4}.AppStore|iPhone.Deploy.0 = Release|Any CPU
		{A18097E1-4A68-4FF4-8909-96FD2A0EE5E4}.AppStore|iPhoneSimulator.ActiveCfg = Release|Any CPU
		{A18097E1-4A68-4FF4-8909-96FD2A0EE5E4}.AppStore|iPhoneSimulator.Build.0 = Release|Any CPU
		{A18097E1-4A68-4FF4-8909-96FD2A0EE5E4}.AppStore|iPhoneSimulator.Deploy.0 = Release|Any CPU
		{A18097E1-4A68-4FF4-8909-96FD2A0EE5E4}.Debug|Any CPU.ActiveCfg = Debug|Any CPU
		{A18097E1-4A68-4FF4-8909-96FD2A0EE5E4}.Debug|Any CPU.Build.0 = Debug|Any CPU
		{A18097E1-4A68-4FF4-8909-96FD2A0EE5E4}.Debug|Any CPU.Deploy.0 = Debug|Any CPU
		{A18097E1-4A68-4FF4-8909-96FD2A0EE5E4}.Debug|iPhone.ActiveCfg = Debug|Any CPU
		{A18097E1-4A68-4FF4-8909-96FD2A0EE5E4}.Debug|iPhone.Build.0 = Debug|Any CPU
		{A18097E1-4A68-4FF4-8909-96FD2A0EE5E4}.Debug|iPhone.Deploy.0 = Debug|Any CPU
		{A18097E1-4A68-4FF4-8909-96FD2A0EE5E4}.Debug|iPhoneSimulator.ActiveCfg = Debug|Any CPU
		{A18097E1-4A68-4FF4-8909-96FD2A0EE5E4}.Debug|iPhoneSimulator.Build.0 = Debug|Any CPU
		{A18097E1-4A68-4FF4-8909-96FD2A0EE5E4}.Debug|iPhoneSimulator.Deploy.0 = Debug|Any CPU
		{A18097E1-4A68-4FF4-8909-96FD2A0EE5E4}.Release|Any CPU.ActiveCfg = Release|Any CPU
		{A18097E1-4A68-4FF4-8909-96FD2A0EE5E4}.Release|Any CPU.Build.0 = Release|Any CPU
		{A18097E1-4A68-4FF4-8909-96FD2A0EE5E4}.Release|Any CPU.Deploy.0 = Release|Any CPU
		{A18097E1-4A68-4FF4-8909-96FD2A0EE5E4}.Release|iPhone.ActiveCfg = Release|Any CPU
		{A18097E1-4A68-4FF4-8909-96FD2A0EE5E4}.Release|iPhone.Build.0 = Release|Any CPU
		{A18097E1-4A68-4FF4-8909-96FD2A0EE5E4}.Release|iPhone.Deploy.0 = Release|Any CPU
		{A18097E1-4A68-4FF4-8909-96FD2A0EE5E4}.Release|iPhoneSimulator.ActiveCfg = Release|Any CPU
		{A18097E1-4A68-4FF4-8909-96FD2A0EE5E4}.Release|iPhoneSimulator.Build.0 = Release|Any CPU
		{A18097E1-4A68-4FF4-8909-96FD2A0EE5E4}.Release|iPhoneSimulator.Deploy.0 = Release|Any CPU
		{4469696C-4E41-4B41-95AA-822BB431F61A}.Ad-Hoc|Any CPU.ActiveCfg = Ad-Hoc|iPhone
		{4469696C-4E41-4B41-95AA-822BB431F61A}.Ad-Hoc|iPhone.ActiveCfg = Ad-Hoc|iPhone
		{4469696C-4E41-4B41-95AA-822BB431F61A}.Ad-Hoc|iPhone.Build.0 = Ad-Hoc|iPhone
		{4469696C-4E41-4B41-95AA-822BB431F61A}.Ad-Hoc|iPhoneSimulator.ActiveCfg = Ad-Hoc|iPhoneSimulator
		{4469696C-4E41-4B41-95AA-822BB431F61A}.Ad-Hoc|iPhoneSimulator.Build.0 = Ad-Hoc|iPhoneSimulator
		{4469696C-4E41-4B41-95AA-822BB431F61A}.AppStore|Any CPU.ActiveCfg = AppStore|iPhone
		{4469696C-4E41-4B41-95AA-822BB431F61A}.AppStore|iPhone.ActiveCfg = AppStore|iPhone
		{4469696C-4E41-4B41-95AA-822BB431F61A}.AppStore|iPhone.Build.0 = AppStore|iPhone
		{4469696C-4E41-4B41-95AA-822BB431F61A}.AppStore|iPhoneSimulator.ActiveCfg = AppStore|iPhoneSimulator
		{4469696C-4E41-4B41-95AA-822BB431F61A}.AppStore|iPhoneSimulator.Build.0 = AppStore|iPhoneSimulator
		{4469696C-4E41-4B41-95AA-822BB431F61A}.Debug|Any CPU.ActiveCfg = Debug|iPhone
		{4469696C-4E41-4B41-95AA-822BB431F61A}.Debug|iPhone.ActiveCfg = Debug|iPhone
		{4469696C-4E41-4B41-95AA-822BB431F61A}.Debug|iPhone.Build.0 = Debug|iPhone
		{4469696C-4E41-4B41-95AA-822BB431F61A}.Debug|iPhoneSimulator.ActiveCfg = Debug|iPhoneSimulator
		{4469696C-4E41-4B41-95AA-822BB431F61A}.Debug|iPhoneSimulator.Build.0 = Debug|iPhoneSimulator
		{4469696C-4E41-4B41-95AA-822BB431F61A}.Release|Any CPU.ActiveCfg = Release|iPhone
		{4469696C-4E41-4B41-95AA-822BB431F61A}.Release|iPhone.ActiveCfg = Release|iPhone
		{4469696C-4E41-4B41-95AA-822BB431F61A}.Release|iPhone.Build.0 = Release|iPhone
		{4469696C-4E41-4B41-95AA-822BB431F61A}.Release|iPhoneSimulator.ActiveCfg = Release|iPhoneSimulator
		{4469696C-4E41-4B41-95AA-822BB431F61A}.Release|iPhoneSimulator.Build.0 = Release|iPhoneSimulator
		{5714C7FC-C5C6-42BB-8A8D-A7DC61CF730E}.Ad-Hoc|Any CPU.ActiveCfg = Debug|Any CPU
		{5714C7FC-C5C6-42BB-8A8D-A7DC61CF730E}.Ad-Hoc|Any CPU.Build.0 = Debug|Any CPU
		{5714C7FC-C5C6-42BB-8A8D-A7DC61CF730E}.Ad-Hoc|iPhone.ActiveCfg = Debug|Any CPU
		{5714C7FC-C5C6-42BB-8A8D-A7DC61CF730E}.Ad-Hoc|iPhone.Build.0 = Debug|Any CPU
		{5714C7FC-C5C6-42BB-8A8D-A7DC61CF730E}.Ad-Hoc|iPhoneSimulator.ActiveCfg = Debug|Any CPU
		{5714C7FC-C5C6-42BB-8A8D-A7DC61CF730E}.Ad-Hoc|iPhoneSimulator.Build.0 = Debug|Any CPU
		{5714C7FC-C5C6-42BB-8A8D-A7DC61CF730E}.AppStore|Any CPU.ActiveCfg = Debug|Any CPU
		{5714C7FC-C5C6-42BB-8A8D-A7DC61CF730E}.AppStore|Any CPU.Build.0 = Debug|Any CPU
		{5714C7FC-C5C6-42BB-8A8D-A7DC61CF730E}.AppStore|iPhone.ActiveCfg = Debug|Any CPU
		{5714C7FC-C5C6-42BB-8A8D-A7DC61CF730E}.AppStore|iPhone.Build.0 = Debug|Any CPU
		{5714C7FC-C5C6-42BB-8A8D-A7DC61CF730E}.AppStore|iPhoneSimulator.ActiveCfg = Debug|Any CPU
		{5714C7FC-C5C6-42BB-8A8D-A7DC61CF730E}.AppStore|iPhoneSimulator.Build.0 = Debug|Any CPU
		{5714C7FC-C5C6-42BB-8A8D-A7DC61CF730E}.Debug|Any CPU.ActiveCfg = Debug|Any CPU
		{5714C7FC-C5C6-42BB-8A8D-A7DC61CF730E}.Debug|Any CPU.Build.0 = Debug|Any CPU
		{5714C7FC-C5C6-42BB-8A8D-A7DC61CF730E}.Debug|iPhone.ActiveCfg = Debug|Any CPU
		{5714C7FC-C5C6-42BB-8A8D-A7DC61CF730E}.Debug|iPhone.Build.0 = Debug|Any CPU
		{5714C7FC-C5C6-42BB-8A8D-A7DC61CF730E}.Debug|iPhoneSimulator.ActiveCfg = Debug|Any CPU
		{5714C7FC-C5C6-42BB-8A8D-A7DC61CF730E}.Debug|iPhoneSimulator.Build.0 = Debug|Any CPU
		{5714C7FC-C5C6-42BB-8A8D-A7DC61CF730E}.Release|Any CPU.ActiveCfg = Release|Any CPU
		{5714C7FC-C5C6-42BB-8A8D-A7DC61CF730E}.Release|Any CPU.Build.0 = Release|Any CPU
		{5714C7FC-C5C6-42BB-8A8D-A7DC61CF730E}.Release|iPhone.ActiveCfg = Release|Any CPU
		{5714C7FC-C5C6-42BB-8A8D-A7DC61CF730E}.Release|iPhone.Build.0 = Release|Any CPU
		{5714C7FC-C5C6-42BB-8A8D-A7DC61CF730E}.Release|iPhoneSimulator.ActiveCfg = Release|Any CPU
		{5714C7FC-C5C6-42BB-8A8D-A7DC61CF730E}.Release|iPhoneSimulator.Build.0 = Release|Any CPU
	EndGlobalSection
	GlobalSection(SolutionProperties) = preSolution
		HideSolutionNode = FALSE
	EndGlobalSection
	GlobalSection(ExtensibilityGlobals) = postSolution
		SolutionGuid = {7C919D0B-66C9-445B-8B2C-084EEEDA8AE6}
	EndGlobalSection
EndGlobal
